
Microsoft Visual Studio Solution File, Format Version 12.00
# Visual Studio Version 17
VisualStudioVersion = 17.2.32616.157
MinimumVisualStudioVersion = 10.0.40219.1
Project("{FAE04EC0-301F-11D3-BF4B-00C04F79EFBC}") = "Task1", "Task1\Task1.csproj", "{AA0CB2BE-C29A-4172-9471-5D683861E6B5}"
EndProject
Global
	GlobalSection(SolutionConfigurationPlatforms) = preSolution
		Debug|Any CPU = Debug|Any CPU
		Release|Any CPU = Release|Any CPU
	EndGlobalSection
	GlobalSection(ProjectConfigurationPlatforms) = postSolution
		{AA0CB2BE-C29A-4172-9471-5D683861E6B5}.Debug|Any CPU.ActiveCfg = Debug|Any CPU
		{AA0CB2BE-C29A-4172-9471-5D683861E6B5}.Debug|Any CPU.Build.0 = Debug|Any CPU
		{AA0CB2BE-C29A-4172-9471-5D683861E6B5}.Release|Any CPU.ActiveCfg = Release|Any CPU
		{AA0CB2BE-C29A-4172-9471-5D683861E6B5}.Release|Any CPU.Build.0 = Release|Any CPU
	EndGlobalSection
	GlobalSection(SolutionProperties) = preSolution
		HideSolutionNode = FALSE
	EndGlobalSection
	GlobalSection(ExtensibilityGlobals) = postSolution
		SolutionGuid = {8875EE73-0122-40B4-A84D-5D710D39122D}
	EndGlobalSection
EndGlobal
